{
  "name": "persian-full-datetime",
  "version": "1.1.0",
  "lockfileVersion": 3,
  "requires": true,
  "packages": {
    "": {
      "name": "persian-full-datetime",
      "version": "1.1.0",
      "license": "ISC",
    },
    "node_modules/persian-full-datetime": {
      "version": "1.0.0",
      "resolved": "https://registry.npmjs.org/persian-full-datetime/-/persian-full-datetime-1.0.0.tgz",
      "integrity": "sha512-zIAP8oSsFmVexst/YKLLOI6wVVMyDTqx/ZNP6myneAoxlMcP0wz/8+DuGosfxpxXV+SDIwUlCGAYHxEWsVLlMg=="
    }
  }
}
