{
  "name": "persian-full-datetime",
  "version": "1.0.0",
  "lockfileVersion": 3,
  "requires": true,
  "packages": {
    "": {
      "name": "persian-full-datetime",
      "version": "1.0.0",
      "license": "ISC",
      "dependencies": {
        "persian-full-datetime": "^0.7.2"
      }
    },
    "node_modules/persian-full-datetime": {
      "version": "0.7.2",
      "resolved": "https://registry.npmjs.org/persian-full-datetime/-/persian-full-datetime-0.7.2.tgz",
      "integrity": "sha512-kunnHad5IXroeZ9mJomjojmIjRmJtwhop0bPqWdDUhE2AbXe4KIyXHHYQ8bWJAHNx/8nOS4OUGh4A8G0w7KJyw=="
    }
  }
}
